
Microsoft Visual Studio Solution File, Format Version 12.00
# Visual Studio Version 16
VisualStudioVersion = 16.0.33130.400
MinimumVisualStudioVersion = 10.0.40219.1
Project("{FAE04EC0-301F-11D3-BF4B-00C04F79EFBC}") = "MatchGame", "MatchGame\MatchGame.csproj", "{6E517BC3-EDD1-49A3-B981-4FEE0544A78A}"
EndProject
Global
	GlobalSection(SolutionConfigurationPlatforms) = preSolution
		Debug|Any CPU = Debug|Any CPU
		Release|Any CPU = Release|Any CPU
	EndGlobalSection
	GlobalSection(ProjectConfigurationPlatforms) = postSolution
		{6E517BC3-EDD1-49A3-B981-4FEE0544A78A}.Debug|Any CPU.ActiveCfg = Debug|Any CPU
		{6E517BC3-EDD1-49A3-B981-4FEE0544A78A}.Debug|Any CPU.Build.0 = Debug|Any CPU
		{6E517BC3-EDD1-49A3-B981-4FEE0544A78A}.Release|Any CPU.ActiveCfg = Release|Any CPU
		{6E517BC3-EDD1-49A3-B981-4FEE0544A78A}.Release|Any CPU.Build.0 = Release|Any CPU
	EndGlobalSection
	GlobalSection(SolutionProperties) = preSolution
		HideSolutionNode = FALSE
	EndGlobalSection
	GlobalSection(ExtensibilityGlobals) = postSolution
		SolutionGuid = {DD8FC745-7EA0-4A67-806A-20C721D1F684}
	EndGlobalSection
EndGlobal
